// !$*UTF8*$!
{
	archiveVersion = 1;
	classes = {
	};
	objectVersion = 77;
	objects = {

/* Begin PBXBuildFile section */
		D064D3A62D8B521F00E9D6F9 /* LoginView.swift in Sources */ = {isa = PBXBuildFile; fileRef = D064D3A52D8B521F00E9D6F9 /* LoginView.swift */; };
		D064D3AC2D8BBE4400E9D6F9 /* RecentlySavedItemsView.swift in Sources */ = {isa = PBXBuildFile; fileRef = D064D3AB2D8BBE4400E9D6F9 /* RecentlySavedItemsView.swift */; };
		D064D3AF2D8C866F00E9D6F9 /* RecentlySavedItem.swift in Sources */ = {isa = PBXBuildFile; fileRef = D064D3AE2D8C866F00E9D6F9 /* RecentlySavedItem.swift */; };
		D064D44D2D8D29C700E9D6F9 /* Testing Safari Extension1.appex in Embed Foundation Extensions */ = {isa = PBXBuildFile; fileRef = D064D4352D8D29C700E9D6F9 /* Testing Safari Extension1.appex */; settings = {ATTRIBUTES = (RemoveHeadersOnCopy, ); }; };
		D064D4812D8D93B600E9D6F9 /* VideoPlayerView.swift in Sources */ = {isa = PBXBuildFile; fileRef = D064D4802D8D93B600E9D6F9 /* VideoPlayerView.swift */; };
		D064D4982D8DD5A500E9D6F9 /* video.mp4 in Resources */ = {isa = PBXBuildFile; fileRef = D064D4972D8DD5A500E9D6F9 /* video.mp4 */; };
		D064D49A2D8DD8E900E9D6F9 /* video1.mp4 in Resources */ = {isa = PBXBuildFile; fileRef = D064D4992D8DD8E900E9D6F9 /* video1.mp4 */; };
		D064D4C72D8F152D00E9D6F9 /* LinkViewModel.swift in Sources */ = {isa = PBXBuildFile; fileRef = D064D4C62D8F152D00E9D6F9 /* LinkViewModel.swift */; };
		D0B8FB932D89990B00A234C3 /* Preview Assets.xcassets in Resources */ = {isa = PBXBuildFile; fileRef = D0B8FB8D2D89990B00A234C3 /* Preview Assets.xcassets */; };
		D0B8FB942D89990B00A234C3 /* Assets.xcassets in Resources */ = {isa = PBXBuildFile; fileRef = D0B8FB8F2D89990B00A234C3 /* Assets.xcassets */; };
		D0B8FB952D89990B00A234C3 /* ContentView.swift in Sources */ = {isa = PBXBuildFile; fileRef = D0B8FB902D89990B00A234C3 /* ContentView.swift */; };
		D0B8FB962D89990B00A234C3 /* CuraboardApp.swift in Sources */ = {isa = PBXBuildFile; fileRef = D0B8FB912D89990B00A234C3 /* CuraboardApp.swift */; };
		D0B8FB992D89991100A234C3 /* CuraboardTests.swift in Sources */ = {isa = PBXBuildFile; fileRef = D0B8FB972D89991100A234C3 /* CuraboardTests.swift */; };
		D0B8FB9D2D89991700A234C3 /* CuraboardUITests.swift in Sources */ = {isa = PBXBuildFile; fileRef = D0B8FB9A2D89991700A234C3 /* CuraboardUITests.swift */; };
		D0B8FB9E2D89991700A234C3 /* CuraboardUITestsLaunchTests.swift in Sources */ = {isa = PBXBuildFile; fileRef = D0B8FB9B2D89991700A234C3 /* CuraboardUITestsLaunchTests.swift */; };
/* End PBXBuildFile section */

/* Begin PBXContainerItemProxy section */
		D064D44B2D8D29C700E9D6F9 /* PBXContainerItemProxy */ = {
			isa = PBXContainerItemProxy;
			containerPortal = D0B8FB582D89990000A234C3 /* Project object */;
			proxyType = 1;
			remoteGlobalIDString = D064D4342D8D29C700E9D6F9;
			remoteInfo = "Testing Safari Extension1";
		};
		D0B8FB712D89990200A234C3 /* PBXContainerItemProxy */ = {
			isa = PBXContainerItemProxy;
			containerPortal = D0B8FB582D89990000A234C3 /* Project object */;
			proxyType = 1;
			remoteGlobalIDString = D0B8FB5F2D89990000A234C3;
			remoteInfo = Curaboard;
		};
		D0B8FB7B2D89990200A234C3 /* PBXContainerItemProxy */ = {
			isa = PBXContainerItemProxy;
			containerPortal = D0B8FB582D89990000A234C3 /* Project object */;
			proxyType = 1;
			remoteGlobalIDString = D0B8FB5F2D89990000A234C3;
			remoteInfo = Curaboard;
		};
/* End PBXContainerItemProxy section */

/* Begin PBXCopyFilesBuildPhase section */
		D064D3D12D8D197600E9D6F9 /* Embed Foundation Extensions */ = {
			isa = PBXCopyFilesBuildPhase;
			buildActionMask = 2147483647;
			dstPath = "";
			dstSubfolderSpec = 13;
			files = (
				D064D44D2D8D29C700E9D6F9 /* Testing Safari Extension1.appex in Embed Foundation Extensions */,
			);
			name = "Embed Foundation Extensions";
			runOnlyForDeploymentPostprocessing = 0;
		};
/* End PBXCopyFilesBuildPhase section */

/* Begin PBXFileReference section */
		D064D3A52D8B521F00E9D6F9 /* LoginView.swift */ = {isa = PBXFileReference; lastKnownFileType = sourcecode.swift; path = LoginView.swift; sourceTree = "<group>"; };
		D064D3AB2D8BBE4400E9D6F9 /* RecentlySavedItemsView.swift */ = {isa = PBXFileReference; lastKnownFileType = sourcecode.swift; path = RecentlySavedItemsView.swift; sourceTree = "<group>"; };
		D064D3AE2D8C866F00E9D6F9 /* RecentlySavedItem.swift */ = {isa = PBXFileReference; lastKnownFileType = sourcecode.swift; path = RecentlySavedItem.swift; sourceTree = "<group>"; };
		D064D4352D8D29C700E9D6F9 /* Testing Safari Extension1.appex */ = {isa = PBXFileReference; explicitFileType = "wrapper.app-extension"; includeInIndex = 0; path = "Testing Safari Extension1.appex"; sourceTree = BUILT_PRODUCTS_DIR; };
		D064D47E2D8D8A1C00E9D6F9 /* Info.plist */ = {isa = PBXFileReference; lastKnownFileType = text.plist; path = Info.plist; sourceTree = "<group>"; };
		D064D4802D8D93B600E9D6F9 /* VideoPlayerView.swift */ = {isa = PBXFileReference; lastKnownFileType = sourcecode.swift; path = VideoPlayerView.swift; sourceTree = "<group>"; };
		D064D4972D8DD5A500E9D6F9 /* video.mp4 */ = {isa = PBXFileReference; lastKnownFileType = file; path = video.mp4; sourceTree = "<group>"; };
		D064D4992D8DD8E900E9D6F9 /* video1.mp4 */ = {isa = PBXFileReference; lastKnownFileType = file; path = video1.mp4; sourceTree = "<group>"; };
		D064D4C62D8F152D00E9D6F9 /* LinkViewModel.swift */ = {isa = PBXFileReference; lastKnownFileType = sourcecode.swift; path = LinkViewModel.swift; sourceTree = "<group>"; };
		D0B8FB602D89990000A234C3 /* Curaboard.app */ = {isa = PBXFileReference; explicitFileType = wrapper.application; includeInIndex = 0; path = Curaboard.app; sourceTree = BUILT_PRODUCTS_DIR; };
		D0B8FB702D89990200A234C3 /* CuraboardTests.xctest */ = {isa = PBXFileReference; explicitFileType = wrapper.cfbundle; includeInIndex = 0; path = CuraboardTests.xctest; sourceTree = BUILT_PRODUCTS_DIR; };
		D0B8FB7A2D89990200A234C3 /* CuraboardUITests.xctest */ = {isa = PBXFileReference; explicitFileType = wrapper.cfbundle; includeInIndex = 0; path = CuraboardUITests.xctest; sourceTree = BUILT_PRODUCTS_DIR; };
		D0B8FB8D2D89990B00A234C3 /* Preview Assets.xcassets */ = {isa = PBXFileReference; lastKnownFileType = folder.assetcatalog; path = "Preview Assets.xcassets"; sourceTree = "<group>"; };
		D0B8FB8F2D89990B00A234C3 /* Assets.xcassets */ = {isa = PBXFileReference; lastKnownFileType = folder.assetcatalog; path = Assets.xcassets; sourceTree = "<group>"; };
		D0B8FB902D89990B00A234C3 /* ContentView.swift */ = {isa = PBXFileReference; lastKnownFileType = sourcecode.swift; path = ContentView.swift; sourceTree = "<group>"; };
		D0B8FB912D89990B00A234C3 /* CuraboardApp.swift */ = {isa = PBXFileReference; lastKnownFileType = sourcecode.swift; path = CuraboardApp.swift; sourceTree = "<group>"; };
		D0B8FB972D89991100A234C3 /* CuraboardTests.swift */ = {isa = PBXFileReference; lastKnownFileType = sourcecode.swift; path = CuraboardTests.swift; sourceTree = "<group>"; };
		D0B8FB9A2D89991700A234C3 /* CuraboardUITests.swift */ = {isa = PBXFileReference; lastKnownFileType = sourcecode.swift; path = CuraboardUITests.swift; sourceTree = "<group>"; };
		D0B8FB9B2D89991700A234C3 /* CuraboardUITestsLaunchTests.swift */ = {isa = PBXFileReference; lastKnownFileType = sourcecode.swift; path = CuraboardUITestsLaunchTests.swift; sourceTree = "<group>"; };
/* End PBXFileReference section */

/* Begin PBXFileSystemSynchronizedBuildFileExceptionSet section */
		D064D44E2D8D29C700E9D6F9 /* Exceptions for "Testing Safari Extension1" folder in "Testing Safari Extension1" target */ = {
			isa = PBXFileSystemSynchronizedBuildFileExceptionSet;
			membershipExceptions = (
				Info.plist,
			);
			target = D064D4342D8D29C700E9D6F9 /* Testing Safari Extension1 */;
		};
/* End PBXFileSystemSynchronizedBuildFileExceptionSet section */

/* Begin PBXFileSystemSynchronizedRootGroup section */
		D064D4362D8D29C700E9D6F9 /* Testing Safari Extension1 */ = {
			isa = PBXFileSystemSynchronizedRootGroup;
			exceptions = (
				D064D44E2D8D29C700E9D6F9 /* Exceptions for "Testing Safari Extension1" folder in "Testing Safari Extension1" target */,
			);
			explicitFolders = (
				Resources/_locales,
				Resources/images,
			);
			path = "Testing Safari Extension1";
			sourceTree = "<group>";
		};
/* End PBXFileSystemSynchronizedRootGroup section */

/* Begin PBXFrameworksBuildPhase section */
		D064D4322D8D29C700E9D6F9 /* Frameworks */ = {
			isa = PBXFrameworksBuildPhase;
			buildActionMask = 2147483647;
			files = (
			);
			runOnlyForDeploymentPostprocessing = 0;
		};
		D0B8FB5D2D89990000A234C3 /* Frameworks */ = {
			isa = PBXFrameworksBuildPhase;
			buildActionMask = 2147483647;
			files = (
			);
			runOnlyForDeploymentPostprocessing = 0;
		};
		D0B8FB6D2D89990200A234C3 /* Frameworks */ = {
			isa = PBXFrameworksBuildPhase;
			buildActionMask = 2147483647;
			files = (
			);
			runOnlyForDeploymentPostprocessing = 0;
		};
		D0B8FB772D89990200A234C3 /* Frameworks */ = {
			isa = PBXFrameworksBuildPhase;
			buildActionMask = 2147483647;
			files = (
			);
			runOnlyForDeploymentPostprocessing = 0;
		};
/* End PBXFrameworksBuildPhase section */

/* Begin PBXGroup section */
		D064D3A42D8B51ED00E9D6F9 /* Views */ = {
			isa = PBXGroup;
			children = (
				D0B8FB902D89990B00A234C3 /* ContentView.swift */,
				D064D3A52D8B521F00E9D6F9 /* LoginView.swift */,
				D064D3AB2D8BBE4400E9D6F9 /* RecentlySavedItemsView.swift */,
			);
			path = Views;
			sourceTree = "<group>";
		};
		D064D3AD2D8C866800E9D6F9 /* Models */ = {
			isa = PBXGroup;
			children = (
				D064D3AE2D8C866F00E9D6F9 /* RecentlySavedItem.swift */,
			);
			path = Models;
			sourceTree = "<group>";
		};
		D064D47F2D8D93AF00E9D6F9 /* Extension */ = {
			isa = PBXGroup;
			children = (
				D064D4992D8DD8E900E9D6F9 /* video1.mp4 */,
				D064D4972D8DD5A500E9D6F9 /* video.mp4 */,
				D064D4802D8D93B600E9D6F9 /* VideoPlayerView.swift */,
			);
			path = Extension;
			sourceTree = "<group>";
		};
		D064D4C52D8F151500E9D6F9 /* ViewModel */ = {
			isa = PBXGroup;
			children = (
				D064D4C62D8F152D00E9D6F9 /* LinkViewModel.swift */,
			);
			path = ViewModel;
			sourceTree = "<group>";
		};
		D0B8FB572D89990000A234C3 = {
			isa = PBXGroup;
			children = (
				D0B8FB922D89990B00A234C3 /* Curaboard */,
				D0B8FB982D89991100A234C3 /* CuraboardTests */,
				D0B8FB9C2D89991700A234C3 /* CuraboardUITests */,
				D064D4362D8D29C700E9D6F9 /* Testing Safari Extension1 */,
				D0B8FB612D89990000A234C3 /* Products */,
			);
			sourceTree = "<group>";
		};
		D0B8FB612D89990000A234C3 /* Products */ = {
			isa = PBXGroup;
			children = (
				D0B8FB602D89990000A234C3 /* Curaboard.app */,
				D0B8FB702D89990200A234C3 /* CuraboardTests.xctest */,
				D0B8FB7A2D89990200A234C3 /* CuraboardUITests.xctest */,
				D064D4352D8D29C700E9D6F9 /* Testing Safari Extension1.appex */,
			);
			name = Products;
			sourceTree = "<group>";
		};
		D0B8FB8E2D89990B00A234C3 /* Preview Content */ = {
			isa = PBXGroup;
			children = (
				D0B8FB8D2D89990B00A234C3 /* Preview Assets.xcassets */,
			);
			path = "Preview Content";
			sourceTree = "<group>";
		};
		D0B8FB922D89990B00A234C3 /* Curaboard */ = {
			isa = PBXGroup;
			children = (
				D064D4C52D8F151500E9D6F9 /* ViewModel */,
				D064D47F2D8D93AF00E9D6F9 /* Extension */,
				D064D47E2D8D8A1C00E9D6F9 /* Info.plist */,
				D064D3AD2D8C866800E9D6F9 /* Models */,
				D0B8FB8E2D89990B00A234C3 /* Preview Content */,
				D0B8FB8F2D89990B00A234C3 /* Assets.xcassets */,
				D064D3A42D8B51ED00E9D6F9 /* Views */,
				D0B8FB912D89990B00A234C3 /* CuraboardApp.swift */,
			);
			path = Curaboard;
			sourceTree = "<group>";
		};
		D0B8FB982D89991100A234C3 /* CuraboardTests */ = {
			isa = PBXGroup;
			children = (
				D0B8FB972D89991100A234C3 /* CuraboardTests.swift */,
			);
			path = CuraboardTests;
			sourceTree = "<group>";
		};
		D0B8FB9C2D89991700A234C3 /* CuraboardUITests */ = {
			isa = PBXGroup;
			children = (
				D0B8FB9A2D89991700A234C3 /* CuraboardUITests.swift */,
				D0B8FB9B2D89991700A234C3 /* CuraboardUITestsLaunchTests.swift */,
			);
			path = CuraboardUITests;
			sourceTree = "<group>";
		};
/* End PBXGroup section */

/* Begin PBXNativeTarget section */
		D064D4342D8D29C700E9D6F9 /* Testing Safari Extension1 */ = {
			isa = PBXNativeTarget;
			buildConfigurationList = D064D44F2D8D29C700E9D6F9 /* Build configuration list for PBXNativeTarget "Testing Safari Extension1" */;
			buildPhases = (
				D064D4312D8D29C700E9D6F9 /* Sources */,
				D064D4322D8D29C700E9D6F9 /* Frameworks */,
				D064D4332D8D29C700E9D6F9 /* Resources */,
			);
			buildRules = (
			);
			dependencies = (
			);
			fileSystemSynchronizedGroups = (
				D064D4362D8D29C700E9D6F9 /* Testing Safari Extension1 */,
			);
			name = "Testing Safari Extension1";
			packageProductDependencies = (
			);
			productName = "Testing Safari Extension1";
			productReference = D064D4352D8D29C700E9D6F9 /* Testing Safari Extension1.appex */;
			productType = "com.apple.product-type.app-extension";
		};
		D0B8FB5F2D89990000A234C3 /* Curaboard */ = {
			isa = PBXNativeTarget;
			buildConfigurationList = D0B8FB842D89990200A234C3 /* Build configuration list for PBXNativeTarget "Curaboard" */;
			buildPhases = (
				D0B8FB5C2D89990000A234C3 /* Sources */,
				D0B8FB5D2D89990000A234C3 /* Frameworks */,
				D0B8FB5E2D89990000A234C3 /* Resources */,
				D064D3D12D8D197600E9D6F9 /* Embed Foundation Extensions */,
			);
			buildRules = (
			);
			dependencies = (
				D064D44C2D8D29C700E9D6F9 /* PBXTargetDependency */,
			);
			name = Curaboard;
			packageProductDependencies = (
			);
			productName = Curaboard;
			productReference = D0B8FB602D89990000A234C3 /* Curaboard.app */;
			productType = "com.apple.product-type.application";
		};
		D0B8FB6F2D89990200A234C3 /* CuraboardTests */ = {
			isa = PBXNativeTarget;
			buildConfigurationList = D0B8FB872D89990200A234C3 /* Build configuration list for PBXNativeTarget "CuraboardTests" */;
			buildPhases = (
				D0B8FB6C2D89990200A234C3 /* Sources */,
				D0B8FB6D2D89990200A234C3 /* Frameworks */,
				D0B8FB6E2D89990200A234C3 /* Resources */,
			);
			buildRules = (
			);
			dependencies = (
				D0B8FB722D89990200A234C3 /* PBXTargetDependency */,
			);
			name = CuraboardTests;
			packageProductDependencies = (
			);
			productName = CuraboardTests;
			productReference = D0B8FB702D89990200A234C3 /* CuraboardTests.xctest */;
			productType = "com.apple.product-type.bundle.unit-test";
		};
		D0B8FB792D89990200A234C3 /* CuraboardUITests */ = {
			isa = PBXNativeTarget;
			buildConfigurationList = D0B8FB8A2D89990200A234C3 /* Build configuration list for PBXNativeTarget "CuraboardUITests" */;
			buildPhases = (
				D0B8FB762D89990200A234C3 /* Sources */,
				D0B8FB772D89990200A234C3 /* Frameworks */,
				D0B8FB782D89990200A234C3 /* Resources */,
			);
			buildRules = (
			);
			dependencies = (
				D0B8FB7C2D89990200A234C3 /* PBXTargetDependency */,
			);
			name = CuraboardUITests;
			packageProductDependencies = (
			);
			productName = CuraboardUITests;
			productReference = D0B8FB7A2D89990200A234C3 /* CuraboardUITests.xctest */;
			productType = "com.apple.product-type.bundle.ui-testing";
		};
/* End PBXNativeTarget section */

/* Begin PBXProject section */
		D0B8FB582D89990000A234C3 /* Project object */ = {
			isa = PBXProject;
			attributes = {
				BuildIndependentTargetsInParallel = 1;
				LastSwiftUpdateCheck = 1620;
				LastUpgradeCheck = 1620;
				TargetAttributes = {
					D064D4342D8D29C700E9D6F9 = {
						CreatedOnToolsVersion = 16.2;
					};
					D0B8FB5F2D89990000A234C3 = {
						CreatedOnToolsVersion = 16.2;
					};
					D0B8FB6F2D89990200A234C3 = {
						CreatedOnToolsVersion = 16.2;
						TestTargetID = D0B8FB5F2D89990000A234C3;
					};
					D0B8FB792D89990200A234C3 = {
						CreatedOnToolsVersion = 16.2;
						TestTargetID = D0B8FB5F2D89990000A234C3;
					};
				};
			};
			buildConfigurationList = D0B8FB5B2D89990000A234C3 /* Build configuration list for PBXProject "Curaboard" */;
			developmentRegion = en;
			hasScannedForEncodings = 0;
			knownRegions = (
				en,
				Base,
			);
			mainGroup = D0B8FB572D89990000A234C3;
			minimizedProjectReferenceProxies = 1;
			preferredProjectObjectVersion = 77;
			productRefGroup = D0B8FB612D89990000A234C3 /* Products */;
			projectDirPath = "";
			projectRoot = "";
			targets = (
				D0B8FB5F2D89990000A234C3 /* Curaboard */,
				D0B8FB6F2D89990200A234C3 /* CuraboardTests */,
				D0B8FB792D89990200A234C3 /* CuraboardUITests */,
				D064D4342D8D29C700E9D6F9 /* Testing Safari Extension1 */,
			);
		};
/* End PBXProject section */

/* Begin PBXResourcesBuildPhase section */
		D064D4332D8D29C700E9D6F9 /* Resources */ = {
			isa = PBXResourcesBuildPhase;
			buildActionMask = 2147483647;
			files = (
			);
			runOnlyForDeploymentPostprocessing = 0;
		};
		D0B8FB5E2D89990000A234C3 /* Resources */ = {
			isa = PBXResourcesBuildPhase;
			buildActionMask = 2147483647;
			files = (
				D064D4982D8DD5A500E9D6F9 /* video.mp4 in Resources */,
				D0B8FB932D89990B00A234C3 /* Preview Assets.xcassets in Resources */,
				D0B8FB942D89990B00A234C3 /* Assets.xcassets in Resources */,
				D064D49A2D8DD8E900E9D6F9 /* video1.mp4 in Resources */,
			);
			runOnlyForDeploymentPostprocessing = 0;
		};
		D0B8FB6E2D89990200A234C3 /* Resources */ = {
			isa = PBXResourcesBuildPhase;
			buildActionMask = 2147483647;
			files = (
			);
			runOnlyForDeploymentPostprocessing = 0;
		};
		D0B8FB782D89990200A234C3 /* Resources */ = {
			isa = PBXResourcesBuildPhase;
			buildActionMask = 2147483647;
			files = (
			);
			runOnlyForDeploymentPostprocessing = 0;
		};
/* End PBXResourcesBuildPhase section */

/* Begin PBXSourcesBuildPhase section */
		D064D4312D8D29C700E9D6F9 /* Sources */ = {
			isa = PBXSourcesBuildPhase;
			buildActionMask = 2147483647;
			files = (
			);
			runOnlyForDeploymentPostprocessing = 0;
		};
		D0B8FB5C2D89990000A234C3 /* Sources */ = {
			isa = PBXSourcesBuildPhase;
			buildActionMask = 2147483647;
			files = (
				D064D3A62D8B521F00E9D6F9 /* LoginView.swift in Sources */,
				D064D4C72D8F152D00E9D6F9 /* LinkViewModel.swift in Sources */,
				D0B8FB952D89990B00A234C3 /* ContentView.swift in Sources */,
				D064D3AF2D8C866F00E9D6F9 /* RecentlySavedItem.swift in Sources */,
				D064D3AC2D8BBE4400E9D6F9 /* RecentlySavedItemsView.swift in Sources */,
				D0B8FB962D89990B00A234C3 /* CuraboardApp.swift in Sources */,
				D064D4812D8D93B600E9D6F9 /* VideoPlayerView.swift in Sources */,
			);
			runOnlyForDeploymentPostprocessing = 0;
		};
		D0B8FB6C2D89990200A234C3 /* Sources */ = {
			isa = PBXSourcesBuildPhase;
			buildActionMask = 2147483647;
			files = (
				D0B8FB992D89991100A234C3 /* CuraboardTests.swift in Sources */,
			);
			runOnlyForDeploymentPostprocessing = 0;
		};
		D0B8FB762D89990200A234C3 /* Sources */ = {
			isa = PBXSourcesBuildPhase;
			buildActionMask = 2147483647;
			files = (
				D0B8FB9D2D89991700A234C3 /* CuraboardUITests.swift in Sources */,
				D0B8FB9E2D89991700A234C3 /* CuraboardUITestsLaunchTests.swift in Sources */,
			);
			runOnlyForDeploymentPostprocessing = 0;
		};
/* End PBXSourcesBuildPhase section */

/* Begin PBXTargetDependency section */
		D064D44C2D8D29C700E9D6F9 /* PBXTargetDependency */ = {
			isa = PBXTargetDependency;
			target = D064D4342D8D29C700E9D6F9 /* Testing Safari Extension1 */;
			targetProxy = D064D44B2D8D29C700E9D6F9 /* PBXContainerItemProxy */;
		};
		D0B8FB722D89990200A234C3 /* PBXTargetDependency */ = {
			isa = PBXTargetDependency;
			target = D0B8FB5F2D89990000A234C3 /* Curaboard */;
			targetProxy = D0B8FB712D89990200A234C3 /* PBXContainerItemProxy */;
		};
		D0B8FB7C2D89990200A234C3 /* PBXTargetDependency */ = {
			isa = PBXTargetDependency;
			target = D0B8FB5F2D89990000A234C3 /* Curaboard */;
			targetProxy = D0B8FB7B2D89990200A234C3 /* PBXContainerItemProxy */;
		};
/* End PBXTargetDependency section */

/* Begin XCBuildConfiguration section */
		D064D4502D8D29C700E9D6F9 /* Debug */ = {
			isa = XCBuildConfiguration;
			buildSettings = {
				CODE_SIGN_IDENTITY = "Apple Development";
				CODE_SIGN_STYLE = Automatic;
				CURRENT_PROJECT_VERSION = 1;
				DEVELOPMENT_TEAM = A6763NYT2Y;
				GENERATE_INFOPLIST_FILE = YES;
				INFOPLIST_FILE = "Testing Safari Extension1/Info.plist";
				INFOPLIST_KEY_CFBundleDisplayName = "Testing Safari Extension1";
				INFOPLIST_KEY_NSHumanReadableCopyright = "";
				IPHONEOS_DEPLOYMENT_TARGET = 15.0;
				LD_RUNPATH_SEARCH_PATHS = (
					"$(inherited)",
					"@executable_path/Frameworks",
					"@executable_path/../../Frameworks",
				);
				MARKETING_VERSION = 1.0;
				OTHER_LDFLAGS = (
					"-framework",
					SafariServices,
				);
				PRODUCT_BUNDLE_IDENTIFIER = "XcodeFix.com.Curaboard.Testing-Safari-Extension1";
				PRODUCT_NAME = "$(TARGET_NAME)";
				SKIP_INSTALL = YES;
				SWIFT_EMIT_LOC_STRINGS = YES;
				SWIFT_VERSION = 5.0;
				TARGETED_DEVICE_FAMILY = "1,2";
			};
			name = Debug;
		};
		D064D4512D8D29C700E9D6F9 /* Release */ = {
			isa = XCBuildConfiguration;
			buildSettings = {
				CODE_SIGN_IDENTITY = "Apple Development";
				CODE_SIGN_STYLE = Automatic;
				CURRENT_PROJECT_VERSION = 1;
				DEVELOPMENT_TEAM = A6763NYT2Y;
				GENERATE_INFOPLIST_FILE = YES;
				INFOPLIST_FILE = "Testing Safari Extension1/Info.plist";
				INFOPLIST_KEY_CFBundleDisplayName = "Testing Safari Extension1";
				INFOPLIST_KEY_NSHumanReadableCopyright = "";
				IPHONEOS_DEPLOYMENT_TARGET = 15.0;
				LD_RUNPATH_SEARCH_PATHS = (
					"$(inherited)",
					"@executable_path/Frameworks",
					"@executable_path/../../Frameworks",
				);
				MARKETING_VERSION = 1.0;
				OTHER_LDFLAGS = (
					"-framework",
					SafariServices,
				);
				PRODUCT_BUNDLE_IDENTIFIER = "XcodeFix.com.Curaboard.Testing-Safari-Extension1";
				PRODUCT_NAME = "$(TARGET_NAME)";
				SKIP_INSTALL = YES;
				SWIFT_EMIT_LOC_STRINGS = YES;
				SWIFT_VERSION = 5.0;
				TARGETED_DEVICE_FAMILY = "1,2";
			};
			name = Release;
		};
		D0B8FB822D89990200A234C3 /* Debug */ = {
			isa = XCBuildConfiguration;
			buildSettings = {
				ALWAYS_SEARCH_USER_PATHS = NO;
				ASSETCATALOG_COMPILER_GENERATE_SWIFT_ASSET_SYMBOL_EXTENSIONS = YES;
				CLANG_ANALYZER_NONNULL = YES;
				CLANG_ANALYZER_NUMBER_OBJECT_CONVERSION = YES_AGGRESSIVE;
				CLANG_CXX_LANGUAGE_STANDARD = "gnu++20";
				CLANG_ENABLE_MODULES = YES;
				CLANG_ENABLE_OBJC_ARC = YES;
				CLANG_ENABLE_OBJC_WEAK = YES;
				CLANG_WARN_BLOCK_CAPTURE_AUTORELEASING = YES;
				CLANG_WARN_BOOL_CONVERSION = YES;
				CLANG_WARN_COMMA = YES;
				CLANG_WARN_CONSTANT_CONVERSION = YES;
				CLANG_WARN_DEPRECATED_OBJC_IMPLEMENTATIONS = YES;
				CLANG_WARN_DIRECT_OBJC_ISA_USAGE = YES_ERROR;
				CLANG_WARN_DOCUMENTATION_COMMENTS = YES;
				CLANG_WARN_EMPTY_BODY = YES;
				CLANG_WARN_ENUM_CONVERSION = YES;
				CLANG_WARN_INFINITE_RECURSION = YES;
				CLANG_WARN_INT_CONVERSION = YES;
				CLANG_WARN_NON_LITERAL_NULL_CONVERSION = YES;
				CLANG_WARN_OBJC_IMPLICIT_RETAIN_SELF = YES;
				CLANG_WARN_OBJC_LITERAL_CONVERSION = YES;
				CLANG_WARN_OBJC_ROOT_CLASS = YES_ERROR;
				CLANG_WARN_QUOTED_INCLUDE_IN_FRAMEWORK_HEADER = YES;
				CLANG_WARN_RANGE_LOOP_ANALYSIS = YES;
				CLANG_WARN_STRICT_PROTOTYPES = YES;
				CLANG_WARN_SUSPICIOUS_MOVE = YES;
				CLANG_WARN_UNGUARDED_AVAILABILITY = YES_AGGRESSIVE;
				CLANG_WARN_UNREACHABLE_CODE = YES;
				CLANG_WARN__DUPLICATE_METHOD_MATCH = YES;
				COPY_PHASE_STRIP = NO;
				DEBUG_INFORMATION_FORMAT = dwarf;
				ENABLE_STRICT_OBJC_MSGSEND = YES;
				ENABLE_TESTABILITY = YES;
				ENABLE_USER_SCRIPT_SANDBOXING = YES;
				GCC_C_LANGUAGE_STANDARD = gnu17;
				GCC_DYNAMIC_NO_PIC = NO;
				GCC_NO_COMMON_BLOCKS = YES;
				GCC_OPTIMIZATION_LEVEL = 0;
				GCC_PREPROCESSOR_DEFINITIONS = (
					"DEBUG=1",
					"$(inherited)",
				);
				GCC_WARN_64_TO_32_BIT_CONVERSION = YES;
				GCC_WARN_ABOUT_RETURN_TYPE = YES_ERROR;
				GCC_WARN_UNDECLARED_SELECTOR = YES;
				GCC_WARN_UNINITIALIZED_AUTOS = YES_AGGRESSIVE;
				GCC_WARN_UNUSED_FUNCTION = YES;
				GCC_WARN_UNUSED_VARIABLE = YES;
				IPHONEOS_DEPLOYMENT_TARGET = 18.2;
				LOCALIZATION_PREFERS_STRING_CATALOGS = YES;
				MTL_ENABLE_DEBUG_INFO = INCLUDE_SOURCE;
				MTL_FAST_MATH = YES;
				ONLY_ACTIVE_ARCH = YES;
				SDKROOT = iphoneos;
				SWIFT_ACTIVE_COMPILATION_CONDITIONS = "DEBUG $(inherited)";
				SWIFT_OPTIMIZATION_LEVEL = "-Onone";
			};
			name = Debug;
		};
		D0B8FB832D89990200A234C3 /* Release */ = {
			isa = XCBuildConfiguration;
			buildSettings = {
				ALWAYS_SEARCH_USER_PATHS = NO;
				ASSETCATALOG_COMPILER_GENERATE_SWIFT_ASSET_SYMBOL_EXTENSIONS = YES;
				CLANG_ANALYZER_NONNULL = YES;
				CLANG_ANALYZER_NUMBER_OBJECT_CONVERSION = YES_AGGRESSIVE;
				CLANG_CXX_LANGUAGE_STANDARD = "gnu++20";
				CLANG_ENABLE_MODULES = YES;
				CLANG_ENABLE_OBJC_ARC = YES;
				CLANG_ENABLE_OBJC_WEAK = YES;
				CLANG_WARN_BLOCK_CAPTURE_AUTORELEASING = YES;
				CLANG_WARN_BOOL_CONVERSION = YES;
				CLANG_WARN_COMMA = YES;
				CLANG_WARN_CONSTANT_CONVERSION = YES;
				CLANG_WARN_DEPRECATED_OBJC_IMPLEMENTATIONS = YES;
				CLANG_WARN_DIRECT_OBJC_ISA_USAGE = YES_ERROR;
				CLANG_WARN_DOCUMENTATION_COMMENTS = YES;
				CLANG_WARN_EMPTY_BODY = YES;
				CLANG_WARN_ENUM_CONVERSION = YES;
				CLANG_WARN_INFINITE_RECURSION = YES;
				CLANG_WARN_INT_CONVERSION = YES;
				CLANG_WARN_NON_LITERAL_NULL_CONVERSION = YES;
				CLANG_WARN_OBJC_IMPLICIT_RETAIN_SELF = YES;
				CLANG_WARN_OBJC_LITERAL_CONVERSION = YES;
				CLANG_WARN_OBJC_ROOT_CLASS = YES_ERROR;
				CLANG_WARN_QUOTED_INCLUDE_IN_FRAMEWORK_HEADER = YES;
				CLANG_WARN_RANGE_LOOP_ANALYSIS = YES;
				CLANG_WARN_STRICT_PROTOTYPES = YES;
				CLANG_WARN_SUSPICIOUS_MOVE = YES;
				CLANG_WARN_UNGUARDED_AVAILABILITY = YES_AGGRESSIVE;
				CLANG_WARN_UNREACHABLE_CODE = YES;
				CLANG_WARN__DUPLICATE_METHOD_MATCH = YES;
				COPY_PHASE_STRIP = NO;
				DEBUG_INFORMATION_FORMAT = "dwarf-with-dsym";
				ENABLE_NS_ASSERTIONS = NO;
				ENABLE_STRICT_OBJC_MSGSEND = YES;
				ENABLE_USER_SCRIPT_SANDBOXING = YES;
				GCC_C_LANGUAGE_STANDARD = gnu17;
				GCC_NO_COMMON_BLOCKS = YES;
				GCC_WARN_64_TO_32_BIT_CONVERSION = YES;
				GCC_WARN_ABOUT_RETURN_TYPE = YES_ERROR;
				GCC_WARN_UNDECLARED_SELECTOR = YES;
				GCC_WARN_UNINITIALIZED_AUTOS = YES_AGGRESSIVE;
				GCC_WARN_UNUSED_FUNCTION = YES;
				GCC_WARN_UNUSED_VARIABLE = YES;
				IPHONEOS_DEPLOYMENT_TARGET = 18.2;
				LOCALIZATION_PREFERS_STRING_CATALOGS = YES;
				MTL_ENABLE_DEBUG_INFO = NO;
				MTL_FAST_MATH = YES;
				SDKROOT = iphoneos;
				SWIFT_COMPILATION_MODE = wholemodule;
				VALIDATE_PRODUCT = YES;
			};
			name = Release;
		};
		D0B8FB852D89990200A234C3 /* Debug */ = {
			isa = XCBuildConfiguration;
			buildSettings = {
				ASSETCATALOG_COMPILER_APPICON_NAME = AppIcon;
				ASSETCATALOG_COMPILER_GLOBAL_ACCENT_COLOR_NAME = AccentColor;
				CODE_SIGN_IDENTITY = "Apple Development";
				CODE_SIGN_STYLE = Automatic;
				CURRENT_PROJECT_VERSION = 1;
				DEVELOPMENT_ASSET_PATHS = "\"Curaboard/Preview Content\"";
				DEVELOPMENT_TEAM = A6763NYT2Y;
				ENABLE_PREVIEWS = YES;
				GENERATE_INFOPLIST_FILE = YES;
				INFOPLIST_FILE = Curaboard/Info.plist;
				INFOPLIST_KEY_UIApplicationSceneManifest_Generation = YES;
				INFOPLIST_KEY_UIApplicationSupportsIndirectInputEvents = YES;
				INFOPLIST_KEY_UILaunchScreen_Generation = YES;
				INFOPLIST_KEY_UISupportedInterfaceOrientations_iPad = "UIInterfaceOrientationPortrait UIInterfaceOrientationPortraitUpsideDown UIInterfaceOrientationLandscapeLeft UIInterfaceOrientationLandscapeRight";
				INFOPLIST_KEY_UISupportedInterfaceOrientations_iPhone = "UIInterfaceOrientationPortrait UIInterfaceOrientationLandscapeLeft UIInterfaceOrientationLandscapeRight";
				IPHONEOS_DEPLOYMENT_TARGET = 16.6;
				LD_RUNPATH_SEARCH_PATHS = (
					"$(inherited)",
					"@executable_path/Frameworks",
				);
				MARKETING_VERSION = 1.0;
				PRODUCT_BUNDLE_IDENTIFIER = XcodeFix.com.Curaboard;
				PRODUCT_NAME = "$(TARGET_NAME)";
				PROVISIONING_PROFILE_SPECIFIER = "";
				SWIFT_EMIT_LOC_STRINGS = YES;
				SWIFT_VERSION = 5.0;
				TARGETED_DEVICE_FAMILY = "1,2";
			};
			name = Debug;
		};
		D0B8FB862D89990200A234C3 /* Release */ = {
			isa = XCBuildConfiguration;
			buildSettings = {
				ASSETCATALOG_COMPILER_APPICON_NAME = AppIcon;
				ASSETCATALOG_COMPILER_GLOBAL_ACCENT_COLOR_NAME = AccentColor;
				CODE_SIGN_IDENTITY = "Apple Development";
				CODE_SIGN_STYLE = Automatic;
				CURRENT_PROJECT_VERSION = 1;
				DEVELOPMENT_ASSET_PATHS = "\"Curaboard/Preview Content\"";
				DEVELOPMENT_TEAM = A6763NYT2Y;
				ENABLE_PREVIEWS = YES;
				GENERATE_INFOPLIST_FILE = YES;
				INFOPLIST_FILE = Curaboard/Info.plist;
				INFOPLIST_KEY_UIApplicationSceneManifest_Generation = YES;
				INFOPLIST_KEY_UIApplicationSupportsIndirectInputEvents = YES;
				INFOPLIST_KEY_UILaunchScreen_Generation = YES;
				INFOPLIST_KEY_UISupportedInterfaceOrientations_iPad = "UIInterfaceOrientationPortrait UIInterfaceOrientationPortraitUpsideDown UIInterfaceOrientationLandscapeLeft UIInterfaceOrientationLandscapeRight";
				INFOPLIST_KEY_UISupportedInterfaceOrientations_iPhone = "UIInterfaceOrientationPortrait UIInterfaceOrientationLandscapeLeft UIInterfaceOrientationLandscapeRight";
				IPHONEOS_DEPLOYMENT_TARGET = 16.6;
				LD_RUNPATH_SEARCH_PATHS = (
					"$(inherited)",
					"@executable_path/Frameworks",
				);
				MARKETING_VERSION = 1.0;
				PRODUCT_BUNDLE_IDENTIFIER = XcodeFix.com.Curaboard;
				PRODUCT_NAME = "$(TARGET_NAME)";
				PROVISIONING_PROFILE_SPECIFIER = "";
				SWIFT_EMIT_LOC_STRINGS = YES;
				SWIFT_VERSION = 5.0;
				TARGETED_DEVICE_FAMILY = "1,2";
			};
			name = Release;
		};
		D0B8FB882D89990200A234C3 /* Debug */ = {
			isa = XCBuildConfiguration;
			buildSettings = {
				BUNDLE_LOADER = "$(TEST_HOST)";
				CODE_SIGN_IDENTITY = "Apple Development";
				CODE_SIGN_STYLE = Automatic;
				CURRENT_PROJECT_VERSION = 1;
				DEVELOPMENT_TEAM = A6763NYT2Y;
				GENERATE_INFOPLIST_FILE = YES;
				IPHONEOS_DEPLOYMENT_TARGET = 18.2;
				MARKETING_VERSION = 1.0;
				PRODUCT_BUNDLE_IDENTIFIER = XcodeFix.com.CuraboardTests;
				PRODUCT_NAME = "$(TARGET_NAME)";
				PROVISIONING_PROFILE_SPECIFIER = "";
				SWIFT_EMIT_LOC_STRINGS = NO;
				SWIFT_VERSION = 5.0;
				TARGETED_DEVICE_FAMILY = "1,2";
				TEST_HOST = "$(BUILT_PRODUCTS_DIR)/Curaboard.app/$(BUNDLE_EXECUTABLE_FOLDER_PATH)/Curaboard";
			};
			name = Debug;
		};
		D0B8FB892D89990200A234C3 /* Release */ = {
			isa = XCBuildConfiguration;
			buildSettings = {
				BUNDLE_LOADER = "$(TEST_HOST)";
				CODE_SIGN_IDENTITY = "Apple Development";
				CODE_SIGN_STYLE = Automatic;
				CURRENT_PROJECT_VERSION = 1;
				DEVELOPMENT_TEAM = A6763NYT2Y;
				GENERATE_INFOPLIST_FILE = YES;
				IPHONEOS_DEPLOYMENT_TARGET = 18.2;
				MARKETING_VERSION = 1.0;
				PRODUCT_BUNDLE_IDENTIFIER = XcodeFix.com.CuraboardTests;
				PRODUCT_NAME = "$(TARGET_NAME)";
				PROVISIONING_PROFILE_SPECIFIER = "";
				SWIFT_EMIT_LOC_STRINGS = NO;
				SWIFT_VERSION = 5.0;
				TARGETED_DEVICE_FAMILY = "1,2";
				TEST_HOST = "$(BUILT_PRODUCTS_DIR)/Curaboard.app/$(BUNDLE_EXECUTABLE_FOLDER_PATH)/Curaboard";
			};
			name = Release;
		};
		D0B8FB8B2D89990200A234C3 /* Debug */ = {
			isa = XCBuildConfiguration;
			buildSettings = {
				CODE_SIGN_IDENTITY = "Apple Development";
				CODE_SIGN_STYLE = Automatic;
				CURRENT_PROJECT_VERSION = 1;
				DEVELOPMENT_TEAM = A6763NYT2Y;
				GENERATE_INFOPLIST_FILE = YES;
				MARKETING_VERSION = 1.0;
				PRODUCT_BUNDLE_IDENTIFIER = XcodeFix.com.CuraboardUITests;
				PRODUCT_NAME = "$(TARGET_NAME)";
				PROVISIONING_PROFILE_SPECIFIER = "";
				SWIFT_EMIT_LOC_STRINGS = NO;
				SWIFT_VERSION = 5.0;
				TARGETED_DEVICE_FAMILY = "1,2";
				TEST_TARGET_NAME = Curaboard;
			};
			name = Debug;
		};
		D0B8FB8C2D89990200A234C3 /* Release */ = {
			isa = XCBuildConfiguration;
			buildSettings = {
				CODE_SIGN_IDENTITY = "Apple Development";
				CODE_SIGN_STYLE = Automatic;
				CURRENT_PROJECT_VERSION = 1;
				DEVELOPMENT_TEAM = A6763NYT2Y;
				GENERATE_INFOPLIST_FILE = YES;
				MARKETING_VERSION = 1.0;
				PRODUCT_BUNDLE_IDENTIFIER = XcodeFix.com.CuraboardUITests;
				PRODUCT_NAME = "$(TARGET_NAME)";
				PROVISIONING_PROFILE_SPECIFIER = "";
				SWIFT_EMIT_LOC_STRINGS = NO;
				SWIFT_VERSION = 5.0;
				TARGETED_DEVICE_FAMILY = "1,2";
				TEST_TARGET_NAME = Curaboard;
			};
			name = Release;
		};
/* End XCBuildConfiguration section */

/* Begin XCConfigurationList section */
		D064D44F2D8D29C700E9D6F9 /* Build configuration list for PBXNativeTarget "Testing Safari Extension1" */ = {
			isa = XCConfigurationList;
			buildConfigurations = (
				D064D4502D8D29C700E9D6F9 /* Debug */,
				D064D4512D8D29C700E9D6F9 /* Release */,
			);
			defaultConfigurationIsVisible = 0;
			defaultConfigurationName = Release;
		};
		D0B8FB5B2D89990000A234C3 /* Build configuration list for PBXProject "Curaboard" */ = {
			isa = XCConfigurationList;
			buildConfigurations = (
				D0B8FB822D89990200A234C3 /* Debug */,
				D0B8FB832D89990200A234C3 /* Release */,
			);
			defaultConfigurationIsVisible = 0;
			defaultConfigurationName = Release;
		};
		D0B8FB842D89990200A234C3 /* Build configuration list for PBXNativeTarget "Curaboard" */ = {
			isa = XCConfigurationList;
			buildConfigurations = (
				D0B8FB852D89990200A234C3 /* Debug */,
				D0B8FB862D89990200A234C3 /* Release */,
			);
			defaultConfigurationIsVisible = 0;
			defaultConfigurationName = Release;
		};
		D0B8FB872D89990200A234C3 /* Build configuration list for PBXNativeTarget "CuraboardTests" */ = {
			isa = XCConfigurationList;
			buildConfigurations = (
				D0B8FB882D89990200A234C3 /* Debug */,
				D0B8FB892D89990200A234C3 /* Release */,
			);
			defaultConfigurationIsVisible = 0;
			defaultConfigurationName = Release;
		};
		D0B8FB8A2D89990200A234C3 /* Build configuration list for PBXNativeTarget "CuraboardUITests" */ = {
			isa = XCConfigurationList;
			buildConfigurations = (
				D0B8FB8B2D89990200A234C3 /* Debug */,
				D0B8FB8C2D89990200A234C3 /* Release */,
			);
			defaultConfigurationIsVisible = 0;
			defaultConfigurationName = Release;
		};
/* End XCConfigurationList section */
	};
	rootObject = D0B8FB582D89990000A234C3 /* Project object */;
}
